
Microsoft Visual Studio Solution File, Format Version 12.00
# Visual Studio 15
VisualStudioVersion = 15.0.27703.2042
MinimumVisualStudioVersion = 10.0.40219.1
Project("{FAE04EC0-301F-11D3-BF4B-00C04F79EFBC}") = "SignalR_examlpe", "SignalR_examlpe\SignalR_examlpe.csproj", "{700B486C-DC12-4334-B731-B613201494A1}"
EndProject
Global
	GlobalSection(SolutionConfigurationPlatforms) = preSolution
		Debug|Any CPU = Debug|Any CPU
		Release|Any CPU = Release|Any CPU
	EndGlobalSection
	GlobalSection(ProjectConfigurationPlatforms) = postSolution
		{700B486C-DC12-4334-B731-B613201494A1}.Debug|Any CPU.ActiveCfg = Debug|Any CPU
		{700B486C-DC12-4334-B731-B613201494A1}.Debug|Any CPU.Build.0 = Debug|Any CPU
		{700B486C-DC12-4334-B731-B613201494A1}.Release|Any CPU.ActiveCfg = Release|Any CPU
		{700B486C-DC12-4334-B731-B613201494A1}.Release|Any CPU.Build.0 = Release|Any CPU
	EndGlobalSection
	GlobalSection(SolutionProperties) = preSolution
		HideSolutionNode = FALSE
	EndGlobalSection
	GlobalSection(ExtensibilityGlobals) = postSolution
		SolutionGuid = {9819A777-1128-49FA-A9D1-C19A2F5A0F2E}
	EndGlobalSection
EndGlobal
